<?xml version="1.0" encoding="utf-8"?>
<Project ToolsVersion="4.0" xmlns="http://schemas.microsoft.com/developer/msbuild/2003">
  <ItemGroup>
    <Filter Include="Source Files">
      <UniqueIdentifier>{4FC737F1-C7A5-4376-A066-2A32D752A2FF}</UniqueIdentifier>
      <Extensions>cpp;c;cc;cxx;c++;cppm;ixx;def;odl;idl;hpj;bat;asm;asmx</Extensions>
    </Filter>
    <Filter Include="Header Files">
      <UniqueIdentifier>{93995380-89BD-4b04-88EB-625FBE52EBFB}</UniqueIdentifier>
      <Extensions>h;hh;hpp;hxx;h++;hm;inl;inc;ipp;xsd</Extensions>
    </Filter>
    <Filter Include="Resource Files">
      <UniqueIdentifier>{67DA6AB6-F800-4c08-8B7A-83BB121AAD01}</UniqueIdentifier>
      <Extensions>rc;ico;cur;bmp;dlg;rc2;rct;bin;rgs;gif;jpg;jpeg;jpe;resx;tiff;tif;png;wav;mfcribbon-ms</Extensions>
    </Filter>
    <Filter Include="___MyComponents__">
      <UniqueIdentifier>{1341e8e0-9787-46d3-a065-3b99f090b8f2}</UniqueIdentifier>
    </Filter>
  </ItemGroup>
  <ItemGroup>
    <ClCompile Include="BlackHole_RealTimeRenderApp.cpp">
      <Filter>Source Files</Filter>
    </ClCompile>
    <ClCompile Include="stdafx.cpp">
      <Filter>Source Files</Filter>
    </ClCompile>
    <ClCompile Include="BlackHole_RealTimeRenderPlugIn.cpp">
      <Filter>Source Files</Filter>
    </ClCompile>
    <ClCompile Include="cmdBlackHole_RealTimeRender.cpp">
      <Filter>Source Files</Filter>
    </ClCompile>
    <ClCompile Include="BlackHole_RealTimeRenderRdkPlugIn.cpp">
      <Filter>Source Files</Filter>
    </ClCompile>
    <ClCompile Include="BlackHole_RealTimeRenderEventWatcher.cpp">
      <Filter>Source Files</Filter>
    </ClCompile>
    <ClCompile Include="BlackHole_RealTimeRenderMaterial.cpp">
      <Filter>Source Files</Filter>
    </ClCompile>
    <ClCompile Include="BlackHole_RealTimeRenderMaterialSection.cpp">
      <Filter>Source Files</Filter>
    </ClCompile>
    <ClCompile Include="BlackHole_RealTimeRenderSdkRender.cpp">
      <Filter>Source Files</Filter>
    </ClCompile>
    <ClCompile Include="BlackHole_RealtimeEngine.cpp">
      <Filter>___MyComponents__</Filter>
    </ClCompile>
  </ItemGroup>
  <ItemGroup>
    <ClInclude Include="BlackHole_RealTimeRenderApp.h">
      <Filter>Header Files</Filter>
    </ClInclude>
    <ClInclude Include="stdafx.h">
      <Filter>Header Files</Filter>
    </ClInclude>
    <ClInclude Include="Resource.h">
      <Filter>Header Files</Filter>
    </ClInclude>
    <ClInclude Include="BlackHole_RealTimeRenderPlugIn.h">
      <Filter>Header Files</Filter>
    </ClInclude>
    <ClInclude Include="targetver.h">
      <Filter>Header Files</Filter>
    </ClInclude>
    <ClInclude Include="BlackHole_RealTimeRenderRdkPlugIn.h">
      <Filter>Header Files</Filter>
    </ClInclude>
    <ClInclude Include="BlackHole_RealTimeRenderEventWatcher.h">
      <Filter>Header Files</Filter>
    </ClInclude>
    <ClInclude Include="BlackHole_RealTimeRenderMaterial.h">
      <Filter>Header Files</Filter>
    </ClInclude>
    <ClInclude Include="BlackHole_RealTimeRenderMaterialSection.h">
      <Filter>Header Files</Filter>
    </ClInclude>
    <ClInclude Include="BlackHole_RealTimeRenderSdkRender.h">
      <Filter>Header Files</Filter>
    </ClInclude>
    <ClInclude Include="BlackHole_RealtimeEngine.h">
      <Filter>___MyComponents__</Filter>
    </ClInclude>
  </ItemGroup>
  <ItemGroup>
    <None Include="BlackHole_RealTimeRender.def">
      <Filter>Source Files</Filter>
    </None>
    <None Include="res\BlackHole_RealTimeRender.rc2">
      <Filter>Resource Files</Filter>
    </None>
  </ItemGroup>
  <ItemGroup>
    <ResourceCompile Include="BlackHole_RealTimeRender.rc">
      <Filter>Resource Files</Filter>
    </ResourceCompile>
  </ItemGroup>
  <ItemGroup>
    <Image Include="res\BlackHole_RealTimeRender.ico">
      <Filter>Resource Files</Filter>
    </Image>
  </ItemGroup>
</Project>